
Microsoft Visual Studio Solution File, Format Version 12.00
# Visual Studio 14
VisualStudioVersion = 14.0.25420.1
MinimumVisualStudioVersion = 10.0.40219.1
Project("{FAE04EC0-301F-11D3-BF4B-00C04F79EFBC}") = "Boggle", "Boggle\Boggle.csproj", "{87B6FB6E-DDA3-4296-8EDD-1A67E202D046}"
EndProject
Project("{2150E333-8FDC-42A3-9474-1A3956D46DE8}") = "Solution Items", "Solution Items", "{B2602C01-AA6A-4558-BE04-96EC111CCEC0}"
EndProject
Project("{FAE04EC0-301F-11D3-BF4B-00C04F79EFBC}") = "BoggleInfo", "BoggleInfo\BoggleInfo.csproj", "{E6BAB5DC-6883-4210-B062-29FFE770E822}"
EndProject
Project("{FAE04EC0-301F-11D3-BF4B-00C04F79EFBC}") = "BoggleGame", "BoggleGame\BoggleGame.csproj", "{BC96535B-510E-4D72-B4A9-060F710BC73F}"
EndProject
Global
	GlobalSection(SolutionConfigurationPlatforms) = preSolution
		Debug|Any CPU = Debug|Any CPU
		Release|Any CPU = Release|Any CPU
	EndGlobalSection
	GlobalSection(ProjectConfigurationPlatforms) = postSolution
		{87B6FB6E-DDA3-4296-8EDD-1A67E202D046}.Debug|Any CPU.ActiveCfg = Debug|Any CPU
		{87B6FB6E-DDA3-4296-8EDD-1A67E202D046}.Debug|Any CPU.Build.0 = Debug|Any CPU
		{87B6FB6E-DDA3-4296-8EDD-1A67E202D046}.Release|Any CPU.ActiveCfg = Release|Any CPU
		{87B6FB6E-DDA3-4296-8EDD-1A67E202D046}.Release|Any CPU.Build.0 = Release|Any CPU
		{E6BAB5DC-6883-4210-B062-29FFE770E822}.Debug|Any CPU.ActiveCfg = Debug|Any CPU
		{E6BAB5DC-6883-4210-B062-29FFE770E822}.Debug|Any CPU.Build.0 = Debug|Any CPU
		{E6BAB5DC-6883-4210-B062-29FFE770E822}.Release|Any CPU.ActiveCfg = Release|Any CPU
		{E6BAB5DC-6883-4210-B062-29FFE770E822}.Release|Any CPU.Build.0 = Release|Any CPU
		{BC96535B-510E-4D72-B4A9-060F710BC73F}.Debug|Any CPU.ActiveCfg = Debug|Any CPU
		{BC96535B-510E-4D72-B4A9-060F710BC73F}.Debug|Any CPU.Build.0 = Debug|Any CPU
		{BC96535B-510E-4D72-B4A9-060F710BC73F}.Release|Any CPU.ActiveCfg = Release|Any CPU
		{BC96535B-510E-4D72-B4A9-060F710BC73F}.Release|Any CPU.Build.0 = Release|Any CPU
	EndGlobalSection
	GlobalSection(SolutionProperties) = preSolution
		HideSolutionNode = FALSE
	EndGlobalSection
EndGlobal
